
Microsoft Visual Studio Solution File, Format Version 12.00
# Visual Studio Version 16
VisualStudioVersion = 16.0.30517.126
MinimumVisualStudioVersion = 10.0.40219.1
Project("{FAE04EC0-301F-11D3-BF4B-00C04F79EFBC}") = "FirstFramework.Northwind.DataAcces", "FirstFramework.Northwind.DataAcces\FirstFramework.Northwind.DataAcces.csproj", "{B5BFEF7B-7B47-46C2-9619-F81774CD7429}"
EndProject
Project("{FAE04EC0-301F-11D3-BF4B-00C04F79EFBC}") = "FirstFramework.Core", "FirstFramework.Core\FirstFramework.Core.csproj", "{7D952C77-74EA-413F-8FA9-668CFC57F13E}"
EndProject
Project("{FAE04EC0-301F-11D3-BF4B-00C04F79EFBC}") = "FirstFramework.Northwind.Entities", "FirstFramework.Northwind.Entities\FirstFramework.Northwind.Entities.csproj", "{143B4E7B-ABFB-4BCA-8144-F795DF155E70}"
EndProject
Project("{FAE04EC0-301F-11D3-BF4B-00C04F79EFBC}") = "FirstFramework.Northwind.Business", "FirstFramework.Northwind.Business\FirstFramework.Northwind.Business.csproj", "{3E9D4001-A4A1-487D-B146-9E97FD73452F}"
EndProject
Project("{FAE04EC0-301F-11D3-BF4B-00C04F79EFBC}") = "FirstFramework.Northwind.MvcWebUI", "FirstFramework.Northwind.MvcWebUI\FirstFramework.Northwind.MvcWebUI.csproj", "{A0BCCCEF-A526-4143-8022-B6FF3C7556C2}"
EndProject
Project("{FAE04EC0-301F-11D3-BF4B-00C04F79EFBC}") = "FirstFramework.Northwind.MvcWebUI.Tests", "FirstFramework.Northwind.MvcWebUI.Tests\FirstFramework.Northwind.MvcWebUI.Tests.csproj", "{5534B4D4-1285-4E65-ABC0-404BD836C346}"
EndProject
Project("{FAE04EC0-301F-11D3-BF4B-00C04F79EFBC}") = "FirstFramework.DataAcces.Tests", "FirstFramework.DataAcces.Tests\FirstFramework.DataAcces.Tests.csproj", "{3845FB8F-A2E6-479C-8A64-B11FAA6C4A7C}"
EndProject
Project("{FAE04EC0-301F-11D3-BF4B-00C04F79EFBC}") = "FirstFramework.Northwind.Business.Tests", "FirstFramework.Northwind.Business.Tests\FirstFramework.Northwind.Business.Tests.csproj", "{B695539D-7424-4FAB-9502-725733EDE0DE}"
EndProject
Project("{FAE04EC0-301F-11D3-BF4B-00C04F79EFBC}") = "FirstFramework.Northwind.WebApi", "FirstFramework.Northwind.WebApi\FirstFramework.Northwind.WebApi.csproj", "{AB67392C-30CE-4C15-BD29-FB44B3FC3CC7}"
EndProject
Project("{E24C65DC-7377-472B-9ABA-BC803B73C61A}") = "FirstFramework.Northwind.WcfService", "FirstFramework.Northwind.WcfService\", "{35C69DC9-30CB-4DDB-8383-2909AE127955}"
	ProjectSection(WebsiteProperties) = preProject
		TargetFrameworkMoniker = ".NETFramework,Version%3Dv4.7.2"
		Debug.AspNetCompiler.VirtualPath = "/localhost_57180"
		Debug.AspNetCompiler.PhysicalPath = "FirstFramework.Northwind.WcfService\"
		Debug.AspNetCompiler.TargetPath = "PrecompiledWeb\localhost_57180\"
		Debug.AspNetCompiler.Updateable = "true"
		Debug.AspNetCompiler.ForceOverwrite = "true"
		Debug.AspNetCompiler.FixedNames = "false"
		Debug.AspNetCompiler.Debug = "True"
		Release.AspNetCompiler.VirtualPath = "/localhost_57180"
		Release.AspNetCompiler.PhysicalPath = "FirstFramework.Northwind.WcfService\"
		Release.AspNetCompiler.TargetPath = "PrecompiledWeb\localhost_57180\"
		Release.AspNetCompiler.Updateable = "true"
		Release.AspNetCompiler.ForceOverwrite = "true"
		Release.AspNetCompiler.FixedNames = "false"
		Release.AspNetCompiler.Debug = "False"
		VWDPort = "57180"
		DefaultWebSiteLanguage = "Visual C#"
	EndProjectSection
EndProject
Global
	GlobalSection(SolutionConfigurationPlatforms) = preSolution
		Debug|Any CPU = Debug|Any CPU
		Release|Any CPU = Release|Any CPU
	EndGlobalSection
	GlobalSection(ProjectConfigurationPlatforms) = postSolution
		{B5BFEF7B-7B47-46C2-9619-F81774CD7429}.Debug|Any CPU.ActiveCfg = Debug|Any CPU
		{B5BFEF7B-7B47-46C2-9619-F81774CD7429}.Debug|Any CPU.Build.0 = Debug|Any CPU
		{B5BFEF7B-7B47-46C2-9619-F81774CD7429}.Release|Any CPU.ActiveCfg = Release|Any CPU
		{B5BFEF7B-7B47-46C2-9619-F81774CD7429}.Release|Any CPU.Build.0 = Release|Any CPU
		{7D952C77-74EA-413F-8FA9-668CFC57F13E}.Debug|Any CPU.ActiveCfg = Debug|Any CPU
		{7D952C77-74EA-413F-8FA9-668CFC57F13E}.Debug|Any CPU.Build.0 = Debug|Any CPU
		{7D952C77-74EA-413F-8FA9-668CFC57F13E}.Release|Any CPU.ActiveCfg = Release|Any CPU
		{7D952C77-74EA-413F-8FA9-668CFC57F13E}.Release|Any CPU.Build.0 = Release|Any CPU
		{143B4E7B-ABFB-4BCA-8144-F795DF155E70}.Debug|Any CPU.ActiveCfg = Debug|Any CPU
		{143B4E7B-ABFB-4BCA-8144-F795DF155E70}.Debug|Any CPU.Build.0 = Debug|Any CPU
		{143B4E7B-ABFB-4BCA-8144-F795DF155E70}.Release|Any CPU.ActiveCfg = Release|Any CPU
		{143B4E7B-ABFB-4BCA-8144-F795DF155E70}.Release|Any CPU.Build.0 = Release|Any CPU
		{3E9D4001-A4A1-487D-B146-9E97FD73452F}.Debug|Any CPU.ActiveCfg = Debug|Any CPU
		{3E9D4001-A4A1-487D-B146-9E97FD73452F}.Debug|Any CPU.Build.0 = Debug|Any CPU
		{3E9D4001-A4A1-487D-B146-9E97FD73452F}.Release|Any CPU.ActiveCfg = Release|Any CPU
		{3E9D4001-A4A1-487D-B146-9E97FD73452F}.Release|Any CPU.Build.0 = Release|Any CPU
		{A0BCCCEF-A526-4143-8022-B6FF3C7556C2}.Debug|Any CPU.ActiveCfg = Debug|Any CPU
		{A0BCCCEF-A526-4143-8022-B6FF3C7556C2}.Debug|Any CPU.Build.0 = Debug|Any CPU
		{A0BCCCEF-A526-4143-8022-B6FF3C7556C2}.Release|Any CPU.ActiveCfg = Release|Any CPU
		{A0BCCCEF-A526-4143-8022-B6FF3C7556C2}.Release|Any CPU.Build.0 = Release|Any CPU
		{5534B4D4-1285-4E65-ABC0-404BD836C346}.Debug|Any CPU.ActiveCfg = Debug|Any CPU
		{5534B4D4-1285-4E65-ABC0-404BD836C346}.Debug|Any CPU.Build.0 = Debug|Any CPU
		{5534B4D4-1285-4E65-ABC0-404BD836C346}.Release|Any CPU.ActiveCfg = Release|Any CPU
		{5534B4D4-1285-4E65-ABC0-404BD836C346}.Release|Any CPU.Build.0 = Release|Any CPU
		{3845FB8F-A2E6-479C-8A64-B11FAA6C4A7C}.Debug|Any CPU.ActiveCfg = Debug|Any CPU
		{3845FB8F-A2E6-479C-8A64-B11FAA6C4A7C}.Debug|Any CPU.Build.0 = Debug|Any CPU
		{3845FB8F-A2E6-479C-8A64-B11FAA6C4A7C}.Release|Any CPU.ActiveCfg = Release|Any CPU
		{3845FB8F-A2E6-479C-8A64-B11FAA6C4A7C}.Release|Any CPU.Build.0 = Release|Any CPU
		{B695539D-7424-4FAB-9502-725733EDE0DE}.Debug|Any CPU.ActiveCfg = Debug|Any CPU
		{B695539D-7424-4FAB-9502-725733EDE0DE}.Debug|Any CPU.Build.0 = Debug|Any CPU
		{B695539D-7424-4FAB-9502-725733EDE0DE}.Release|Any CPU.ActiveCfg = Release|Any CPU
		{B695539D-7424-4FAB-9502-725733EDE0DE}.Release|Any CPU.Build.0 = Release|Any CPU
		{AB67392C-30CE-4C15-BD29-FB44B3FC3CC7}.Debug|Any CPU.ActiveCfg = Debug|Any CPU
		{AB67392C-30CE-4C15-BD29-FB44B3FC3CC7}.Debug|Any CPU.Build.0 = Debug|Any CPU
		{AB67392C-30CE-4C15-BD29-FB44B3FC3CC7}.Release|Any CPU.ActiveCfg = Release|Any CPU
		{AB67392C-30CE-4C15-BD29-FB44B3FC3CC7}.Release|Any CPU.Build.0 = Release|Any CPU
		{35C69DC9-30CB-4DDB-8383-2909AE127955}.Debug|Any CPU.ActiveCfg = Debug|Any CPU
		{35C69DC9-30CB-4DDB-8383-2909AE127955}.Debug|Any CPU.Build.0 = Debug|Any CPU
		{35C69DC9-30CB-4DDB-8383-2909AE127955}.Release|Any CPU.ActiveCfg = Debug|Any CPU
		{35C69DC9-30CB-4DDB-8383-2909AE127955}.Release|Any CPU.Build.0 = Debug|Any CPU
	EndGlobalSection
	GlobalSection(SolutionProperties) = preSolution
		HideSolutionNode = FALSE
	EndGlobalSection
	GlobalSection(ExtensibilityGlobals) = postSolution
		SolutionGuid = {B8ADA322-16E7-4505-AA8D-D6DE69457C85}
	EndGlobalSection
EndGlobal
